// !$*UTF8*$!
{
	archiveVersion = 1;
	classes = {
	};
	objectVersion = 42;
	objects = {

/* Begin PBXBuildFile section */
		25FDD1880A7E4D71004A4389 /* pa_host.h in CopyFiles */ = {isa = PBXBuildFile; fileRef = 25FDD1820A7E4D71004A4389 /* pa_host.h */; };
		25FDD1890A7E4D71004A4389 /* pa_convert.c in Sources */ = {isa = PBXBuildFile; fileRef = 25FDD1830A7E4D71004A4389 /* pa_convert.c */; };
		25FDD18A0A7E4D71004A4389 /* pa_trace.h in CopyFiles */ = {isa = PBXBuildFile; fileRef = 25FDD1840A7E4D71004A4389 /* pa_trace.h */; };
		25FDD18B0A7E4D71004A4389 /* pa_lib.c in Sources */ = {isa = PBXBuildFile; fileRef = 25FDD1850A7E4D71004A4389 /* pa_lib.c */; };
		25FDD18C0A7E4D71004A4389 /* portaudio.h in CopyFiles */ = {isa = PBXBuildFile; fileRef = 25FDD1860A7E4D71004A4389 /* portaudio.h */; };
		25FDD18D0A7E4D71004A4389 /* pa_trace.c in Sources */ = {isa = PBXBuildFile; fileRef = 25FDD1870A7E4D71004A4389 /* pa_trace.c */; };
		25FDD18F0A7E4D7C004A4389 /* pa_mac_core.c in Sources */ = {isa = PBXBuildFile; fileRef = 25FDD18E0A7E4D7C004A4389 /* pa_mac_core.c */; };
		25FDD1920A7E4D8F004A4389 /* ringbuffer.c in Sources */ = {isa = PBXBuildFile; fileRef = 25FDD1900A7E4D8F004A4389 /* ringbuffer.c */; };
		25FDD1930A7E4D8F004A4389 /* ringbuffer.h in CopyFiles */ = {isa = PBXBuildFile; fileRef = 25FDD1910A7E4D8F004A4389 /* ringbuffer.h */; };
		25FDD1950A7E4DA3004A4389 /* AudioToolbox.framework in Frameworks */ = {isa = PBXBuildFile; fileRef = 25FDD1940A7E4DA3004A4389 /* AudioToolbox.framework */; };
		25FDD1970A7E4DAB004A4389 /* CoreAudio.framework in Frameworks */ = {isa = PBXBuildFile; fileRef = 25FDD1960A7E4DAB004A4389 /* CoreAudio.framework */; };
		8DD76FAC0486AB0100D96B5E /* main.c in Sources */ = {isa = PBXBuildFile; fileRef = 08FB7796FE84155DC02AAC07 /* main.c */; settings = {ATTRIBUTES = (); }; };
		8DD76FB00486AB0100D96B5E /* TestDevices.1 in CopyFiles */ = {isa = PBXBuildFile; fileRef = C6A0FF2C0290799A04C91782 /* TestDevices.1 */; };
/* End PBXBuildFile section */

/* Begin PBXCopyFilesBuildPhase section */
		8DD76FAF0486AB0100D96B5E /* CopyFiles */ = {
			isa = PBXCopyFilesBuildPhase;
			buildActionMask = 8;
			dstPath = /usr/share/man/man1/;
			dstSubfolderSpec = 0;
			files = (
				8DD76FB00486AB0100D96B5E /* TestDevices.1 in CopyFiles */,
				25FDD1880A7E4D71004A4389 /* pa_host.h in CopyFiles */,
				25FDD18A0A7E4D71004A4389 /* pa_trace.h in CopyFiles */,
				25FDD18C0A7E4D71004A4389 /* portaudio.h in CopyFiles */,
				25FDD1930A7E4D8F004A4389 /* ringbuffer.h in CopyFiles */,
			);
			runOnlyForDeploymentPostprocessing = 1;
		};
/* End PBXCopyFilesBuildPhase section */

/* Begin PBXFileReference section */
		08FB7796FE84155DC02AAC07 /* main.c */ = {isa = PBXFileReference; fileEncoding = 4; lastKnownFileType = sourcecode.c.c; path = main.c; sourceTree = "<group>"; };
		25FDD1820A7E4D71004A4389 /* pa_host.h */ = {isa = PBXFileReference; fileEncoding = 30; lastKnownFileType = sourcecode.c.h; path = pa_host.h; sourceTree = "<group>"; };
		25FDD1830A7E4D71004A4389 /* pa_convert.c */ = {isa = PBXFileReference; fileEncoding = 30; lastKnownFileType = sourcecode.c.c; path = pa_convert.c; sourceTree = "<group>"; };
		25FDD1840A7E4D71004A4389 /* pa_trace.h */ = {isa = PBXFileReference; fileEncoding = 30; lastKnownFileType = sourcecode.c.h; path = pa_trace.h; sourceTree = "<group>"; };
		25FDD1850A7E4D71004A4389 /* pa_lib.c */ = {isa = PBXFileReference; fileEncoding = 30; lastKnownFileType = sourcecode.c.c; path = pa_lib.c; sourceTree = "<group>"; };
		25FDD1860A7E4D71004A4389 /* portaudio.h */ = {isa = PBXFileReference; fileEncoding = 30; lastKnownFileType = sourcecode.c.h; path = portaudio.h; sourceTree = "<group>"; };
		25FDD1870A7E4D71004A4389 /* pa_trace.c */ = {isa = PBXFileReference; fileEncoding = 30; lastKnownFileType = sourcecode.c.c; path = pa_trace.c; sourceTree = "<group>"; };
		25FDD18E0A7E4D7C004A4389 /* pa_mac_core.c */ = {isa = PBXFileReference; fileEncoding = 30; lastKnownFileType = sourcecode.c.c; path = pa_mac_core.c; sourceTree = "<group>"; };
		25FDD1900A7E4D8F004A4389 /* ringbuffer.c */ = {isa = PBXFileReference; fileEncoding = 30; lastKnownFileType = sourcecode.c.c; path = ringbuffer.c; sourceTree = "<group>"; };
		25FDD1910A7E4D8F004A4389 /* ringbuffer.h */ = {isa = PBXFileReference; fileEncoding = 30; lastKnownFileType = sourcecode.c.h; path = ringbuffer.h; sourceTree = "<group>"; };
		25FDD1940A7E4DA3004A4389 /* AudioToolbox.framework */ = {isa = PBXFileReference; lastKnownFileType = wrapper.framework; name = AudioToolbox.framework; path = /System/Library/Frameworks/AudioToolbox.framework; sourceTree = "<absolute>"; };
		25FDD1960A7E4DAB004A4389 /* CoreAudio.framework */ = {isa = PBXFileReference; lastKnownFileType = wrapper.framework; name = CoreAudio.framework; path = /System/Library/Frameworks/CoreAudio.framework; sourceTree = "<absolute>"; };
		8DD76FB20486AB0100D96B5E /* TestDevices */ = {isa = PBXFileReference; explicitFileType = "compiled.mach-o.executable"; includeInIndex = 0; path = TestDevices; sourceTree = BUILT_PRODUCTS_DIR; };
		C6A0FF2C0290799A04C91782 /* TestDevices.1 */ = {isa = PBXFileReference; lastKnownFileType = text.man; path = TestDevices.1; sourceTree = "<group>"; };
/* End PBXFileReference section */

/* Begin PBXFrameworksBuildPhase section */
		8DD76FAD0486AB0100D96B5E /* Frameworks */ = {
			isa = PBXFrameworksBuildPhase;
			buildActionMask = 2147483647;
			files = (
				25FDD1950A7E4DA3004A4389 /* AudioToolbox.framework in Frameworks */,
				25FDD1970A7E4DAB004A4389 /* CoreAudio.framework in Frameworks */,
			);
			runOnlyForDeploymentPostprocessing = 0;
		};
/* End PBXFrameworksBuildPhase section */

/* Begin PBXGroup section */
		08FB7794FE84155DC02AAC07 /* TestDevices */ = {
			isa = PBXGroup;
			children = (
				08FB7795FE84155DC02AAC07 /* Source */,
				C6A0FF2B0290797F04C91782 /* Documentation */,
				1AB674ADFE9D54B511CA2CBB /* Products */,
			);
			name = TestDevices;
			sourceTree = "<group>";
		};
		08FB7795FE84155DC02AAC07 /* Source */ = {
			isa = PBXGroup;
			children = (
				25FDD1960A7E4DAB004A4389 /* CoreAudio.framework */,
				25FDD1940A7E4DA3004A4389 /* AudioToolbox.framework */,
				25FDD1900A7E4D8F004A4389 /* ringbuffer.c */,
				25FDD1910A7E4D8F004A4389 /* ringbuffer.h */,
				25FDD18E0A7E4D7C004A4389 /* pa_mac_core.c */,
				25FDD1820A7E4D71004A4389 /* pa_host.h */,
				25FDD1830A7E4D71004A4389 /* pa_convert.c */,
				25FDD1840A7E4D71004A4389 /* pa_trace.h */,
				25FDD1850A7E4D71004A4389 /* pa_lib.c */,
				25FDD1860A7E4D71004A4389 /* portaudio.h */,
				25FDD1870A7E4D71004A4389 /* pa_trace.c */,
				08FB7796FE84155DC02AAC07 /* main.c */,
			);
			name = Source;
			sourceTree = "<group>";
		};
		1AB674ADFE9D54B511CA2CBB /* Products */ = {
			isa = PBXGroup;
			children = (
				8DD76FB20486AB0100D96B5E /* TestDevices */,
			);
			name = Products;
			sourceTree = "<group>";
		};
		C6A0FF2B0290797F04C91782 /* Documentation */ = {
			isa = PBXGroup;
			children = (
				C6A0FF2C0290799A04C91782 /* TestDevices.1 */,
			);
			name = Documentation;
			sourceTree = "<group>";
		};
/* End PBXGroup section */

/* Begin PBXNativeTarget section */
		8DD76FA90486AB0100D96B5E /* TestDevices */ = {
			isa = PBXNativeTarget;
			buildConfigurationList = 25FDD1740A7E4D52004A4389 /* Build configuration list for PBXNativeTarget "TestDevices" */;
			buildPhases = (
				8DD76FAB0486AB0100D96B5E /* Sources */,
				8DD76FAD0486AB0100D96B5E /* Frameworks */,
				8DD76FAF0486AB0100D96B5E /* CopyFiles */,
			);
			buildRules = (
			);
			dependencies = (
			);
			name = TestDevices;
			productInstallPath = "$(HOME)/bin";
			productName = TestDevices;
			productReference = 8DD76FB20486AB0100D96B5E /* TestDevices */;
			productType = "com.apple.product-type.tool";
		};
/* End PBXNativeTarget section */

/* Begin PBXProject section */
		08FB7793FE84155DC02AAC07 /* Project object */ = {
			isa = PBXProject;
			buildConfigurationList = 25FDD1780A7E4D52004A4389 /* Build configuration list for PBXProject "TestDevices" */;
			hasScannedForEncodings = 1;
			mainGroup = 08FB7794FE84155DC02AAC07 /* TestDevices */;
			projectDirPath = "";
			targets = (
				8DD76FA90486AB0100D96B5E /* TestDevices */,
			);
		};
/* End PBXProject section */

/* Begin PBXSourcesBuildPhase section */
		8DD76FAB0486AB0100D96B5E /* Sources */ = {
			isa = PBXSourcesBuildPhase;
			buildActionMask = 2147483647;
			files = (
				8DD76FAC0486AB0100D96B5E /* main.c in Sources */,
				25FDD1890A7E4D71004A4389 /* pa_convert.c in Sources */,
				25FDD18B0A7E4D71004A4389 /* pa_lib.c in Sources */,
				25FDD18D0A7E4D71004A4389 /* pa_trace.c in Sources */,
				25FDD18F0A7E4D7C004A4389 /* pa_mac_core.c in Sources */,
				25FDD1920A7E4D8F004A4389 /* ringbuffer.c in Sources */,
			);
			runOnlyForDeploymentPostprocessing = 0;
		};
/* End PBXSourcesBuildPhase section */

/* Begin XCBuildConfiguration section */
		25FDD1750A7E4D52004A4389 /* Debug */ = {
			isa = XCBuildConfiguration;
			buildSettings = {
				COPY_PHASE_STRIP = NO;
				GCC_DYNAMIC_NO_PIC = NO;
				GCC_ENABLE_FIX_AND_CONTINUE = YES;
				GCC_GENERATE_DEBUGGING_SYMBOLS = YES;
				GCC_MODEL_TUNING = G5;
				GCC_OPTIMIZATION_LEVEL = 0;
				GCC_WARN_ABOUT_RETURN_TYPE = YES;
				GCC_WARN_UNUSED_VARIABLE = YES;
				INSTALL_PATH = "$(HOME)/bin";
				PREBINDING = NO;
				PRODUCT_NAME = TestDevices;
				ZERO_LINK = YES;
			};
			name = Debug;
		};
		25FDD1760A7E4D52004A4389 /* Release */ = {
			isa = XCBuildConfiguration;
			buildSettings = {
				COPY_PHASE_STRIP = YES;
				GCC_ENABLE_FIX_AND_CONTINUE = NO;
				GCC_GENERATE_DEBUGGING_SYMBOLS = NO;
				GCC_MODEL_TUNING = G5;
				GCC_WARN_ABOUT_RETURN_TYPE = YES;
				GCC_WARN_UNUSED_VARIABLE = YES;
				INSTALL_PATH = "$(HOME)/bin";
				PREBINDING = NO;
				PRODUCT_NAME = TestDevices;
				ZERO_LINK = NO;
			};
			name = Release;
		};
		25FDD1770A7E4D52004A4389 /* Default */ = {
			isa = XCBuildConfiguration;
			buildSettings = {
				GCC_GENERATE_DEBUGGING_SYMBOLS = NO;
				GCC_MODEL_TUNING = G5;
				GCC_WARN_ABOUT_RETURN_TYPE = YES;
				GCC_WARN_UNUSED_VARIABLE = YES;
				INSTALL_PATH = "$(HOME)/bin";
				PREBINDING = NO;
				PRODUCT_NAME = TestDevices;
			};
			name = Default;
		};
		25FDD1790A7E4D52004A4389 /* Debug */ = {
			isa = XCBuildConfiguration;
			buildSettings = {
			};
			name = Debug;
		};
		25FDD17A0A7E4D52004A4389 /* Release */ = {
			isa = XCBuildConfiguration;
			buildSettings = {
			};
			name = Release;
		};
		25FDD17B0A7E4D52004A4389 /* Default */ = {
			isa = XCBuildConfiguration;
			buildSettings = {
			};
			name = Default;
		};
/* End XCBuildConfiguration section */

/* Begin XCConfigurationList section */
		25FDD1740A7E4D52004A4389 /* Build configuration list for PBXNativeTarget "TestDevices" */ = {
			isa = XCConfigurationList;
			buildConfigurations = (
				25FDD1750A7E4D52004A4389 /* Debug */,
				25FDD1760A7E4D52004A4389 /* Release */,
				25FDD1770A7E4D52004A4389 /* Default */,
			);
			defaultConfigurationIsVisible = 0;
			defaultConfigurationName = Default;
		};
		25FDD1780A7E4D52004A4389 /* Build configuration list for PBXProject "TestDevices" */ = {
			isa = XCConfigurationList;
			buildConfigurations = (
				25FDD1790A7E4D52004A4389 /* Debug */,
				25FDD17A0A7E4D52004A4389 /* Release */,
				25FDD17B0A7E4D52004A4389 /* Default */,
			);
			defaultConfigurationIsVisible = 0;
			defaultConfigurationName = Default;
		};
/* End XCConfigurationList section */
	};
	rootObject = 08FB7793FE84155DC02AAC07 /* Project object */;
}
