// !$*UTF8*$!
{
	archiveVersion = 1;
	classes = {
	};
	objectVersion = 42;
	objects = {

/* Begin PBXBuildFile section */
		251ECE0C0ED4AE4700F7374D /* TestDevicesPA19.c in Sources */ = {isa = PBXBuildFile; fileRef = 251ECE0B0ED4AE4700F7374D /* TestDevicesPA19.c */; };
		2572DDE10B7897BC000CA894 /* CoreServices.framework in Frameworks */ = {isa = PBXBuildFile; fileRef = 2572DDE00B7897BC000CA894 /* CoreServices.framework */; };
		258376120B75F1CC0004BEF0 /* AudioUnit.framework in Frameworks */ = {isa = PBXBuildFile; fileRef = 258376100B75F1CC0004BEF0 /* AudioUnit.framework */; };
		25D46FF40B752F41000D0F5D /* AudioToolbox.framework in Frameworks */ = {isa = PBXBuildFile; fileRef = 25D46FF30B752F41000D0F5D /* AudioToolbox.framework */; };
		25D46FF80B752F56000D0F5D /* CoreAudio.framework in Frameworks */ = {isa = PBXBuildFile; fileRef = 25D46FF70B752F56000D0F5D /* CoreAudio.framework */; };
		25D4702A0B752F6A000D0F5D /* libportaudio.a in Frameworks */ = {isa = PBXBuildFile; fileRef = 25D470290B752F6A000D0F5D /* libportaudio.a */; };
		25D470390B752FB3000D0F5D /* portaudio.h in CopyFiles */ = {isa = PBXBuildFile; fileRef = 25D470380B752FB3000D0F5D /* portaudio.h */; };
		8DD76FB00486AB0100D96B5E /* TestDevicesPA19.1 in CopyFiles */ = {isa = PBXBuildFile; fileRef = C6A0FF2C0290799A04C91782 /* TestDevicesPA19.1 */; };
/* End PBXBuildFile section */

/* Begin PBXCopyFilesBuildPhase section */
		8DD76FAF0486AB0100D96B5E /* CopyFiles */ = {
			isa = PBXCopyFilesBuildPhase;
			buildActionMask = 8;
			dstPath = /usr/share/man/man1/;
			dstSubfolderSpec = 0;
			files = (
				8DD76FB00486AB0100D96B5E /* TestDevicesPA19.1 in CopyFiles */,
				25D470390B752FB3000D0F5D /* portaudio.h in CopyFiles */,
			);
			runOnlyForDeploymentPostprocessing = 1;
		};
/* End PBXCopyFilesBuildPhase section */

/* Begin PBXFileReference section */
		251ECE0B0ED4AE4700F7374D /* TestDevicesPA19.c */ = {isa = PBXFileReference; fileEncoding = 30; lastKnownFileType = sourcecode.c.c; name = TestDevicesPA19.c; path = ../../../source/TestDevicesPA19.c; sourceTree = SOURCE_ROOT; };
		2572DDE00B7897BC000CA894 /* CoreServices.framework */ = {isa = PBXFileReference; lastKnownFileType = wrapper.framework; name = CoreServices.framework; path = /System/Library/Frameworks/CoreServices.framework; sourceTree = "<absolute>"; };
		258376100B75F1CC0004BEF0 /* AudioUnit.framework */ = {isa = PBXFileReference; lastKnownFileType = wrapper.framework; name = AudioUnit.framework; path = /System/Library/Frameworks/AudioUnit.framework; sourceTree = "<absolute>"; };
		25D46FF30B752F41000D0F5D /* AudioToolbox.framework */ = {isa = PBXFileReference; lastKnownFileType = wrapper.framework; name = AudioToolbox.framework; path = /System/Library/Frameworks/AudioToolbox.framework; sourceTree = "<absolute>"; };
		25D46FF70B752F56000D0F5D /* CoreAudio.framework */ = {isa = PBXFileReference; lastKnownFileType = wrapper.framework; name = CoreAudio.framework; path = /System/Library/Frameworks/CoreAudio.framework; sourceTree = "<absolute>"; };
		25D470290B752F6A000D0F5D /* libportaudio.a */ = {isa = PBXFileReference; lastKnownFileType = archive.ar; path = libportaudio.a; sourceTree = "<group>"; };
		25D470380B752FB3000D0F5D /* portaudio.h */ = {isa = PBXFileReference; fileEncoding = 30; lastKnownFileType = sourcecode.c.h; path = portaudio.h; sourceTree = "<group>"; };
		8DD76FB20486AB0100D96B5E /* TestDevicesPA19 */ = {isa = PBXFileReference; explicitFileType = "compiled.mach-o.executable"; includeInIndex = 0; path = TestDevicesPA19; sourceTree = BUILT_PRODUCTS_DIR; };
		C6A0FF2C0290799A04C91782 /* TestDevicesPA19.1 */ = {isa = PBXFileReference; lastKnownFileType = text.man; path = TestDevicesPA19.1; sourceTree = "<group>"; };
/* End PBXFileReference section */

/* Begin PBXFrameworksBuildPhase section */
		8DD76FAD0486AB0100D96B5E /* Frameworks */ = {
			isa = PBXFrameworksBuildPhase;
			buildActionMask = 2147483647;
			files = (
				25D46FF40B752F41000D0F5D /* AudioToolbox.framework in Frameworks */,
				25D46FF80B752F56000D0F5D /* CoreAudio.framework in Frameworks */,
				25D4702A0B752F6A000D0F5D /* libportaudio.a in Frameworks */,
				258376120B75F1CC0004BEF0 /* AudioUnit.framework in Frameworks */,
				2572DDE10B7897BC000CA894 /* CoreServices.framework in Frameworks */,
			);
			runOnlyForDeploymentPostprocessing = 0;
		};
/* End PBXFrameworksBuildPhase section */

/* Begin PBXGroup section */
		08FB7794FE84155DC02AAC07 /* TestDevicesPA19 */ = {
			isa = PBXGroup;
			children = (
				258376100B75F1CC0004BEF0 /* AudioUnit.framework */,
				2572DDE00B7897BC000CA894 /* CoreServices.framework */,
				25D46FF30B752F41000D0F5D /* AudioToolbox.framework */,
				25D46FF70B752F56000D0F5D /* CoreAudio.framework */,
				25D470290B752F6A000D0F5D /* libportaudio.a */,
				08FB7795FE84155DC02AAC07 /* Source */,
				C6A0FF2B0290797F04C91782 /* Documentation */,
				1AB674ADFE9D54B511CA2CBB /* Products */,
			);
			name = TestDevicesPA19;
			sourceTree = "<group>";
		};
		08FB7795FE84155DC02AAC07 /* Source */ = {
			isa = PBXGroup;
			children = (
				251ECE0B0ED4AE4700F7374D /* TestDevicesPA19.c */,
				25D470380B752FB3000D0F5D /* portaudio.h */,
			);
			name = Source;
			sourceTree = "<group>";
		};
		1AB674ADFE9D54B511CA2CBB /* Products */ = {
			isa = PBXGroup;
			children = (
				8DD76FB20486AB0100D96B5E /* TestDevicesPA19 */,
			);
			name = Products;
			sourceTree = "<group>";
		};
		C6A0FF2B0290797F04C91782 /* Documentation */ = {
			isa = PBXGroup;
			children = (
				C6A0FF2C0290799A04C91782 /* TestDevicesPA19.1 */,
			);
			name = Documentation;
			sourceTree = "<group>";
		};
/* End PBXGroup section */

/* Begin PBXNativeTarget section */
		8DD76FA90486AB0100D96B5E /* TestDevicesPA19 */ = {
			isa = PBXNativeTarget;
			buildConfigurationList = 1DEB928508733DD80010E9CD /* Build configuration list for PBXNativeTarget "TestDevicesPA19" */;
			buildPhases = (
				8DD76FAB0486AB0100D96B5E /* Sources */,
				8DD76FAD0486AB0100D96B5E /* Frameworks */,
				8DD76FAF0486AB0100D96B5E /* CopyFiles */,
			);
			buildRules = (
			);
			dependencies = (
			);
			name = TestDevicesPA19;
			productInstallPath = "$(HOME)/bin";
			productName = TestDevicesPA19;
			productReference = 8DD76FB20486AB0100D96B5E /* TestDevicesPA19 */;
			productType = "com.apple.product-type.tool";
		};
/* End PBXNativeTarget section */

/* Begin PBXProject section */
		08FB7793FE84155DC02AAC07 /* Project object */ = {
			isa = PBXProject;
			buildConfigurationList = 1DEB928908733DD80010E9CD /* Build configuration list for PBXProject "TestDevicesPA19" */;
			hasScannedForEncodings = 1;
			mainGroup = 08FB7794FE84155DC02AAC07 /* TestDevicesPA19 */;
			projectDirPath = "";
			targets = (
				8DD76FA90486AB0100D96B5E /* TestDevicesPA19 */,
			);
		};
/* End PBXProject section */

/* Begin PBXSourcesBuildPhase section */
		8DD76FAB0486AB0100D96B5E /* Sources */ = {
			isa = PBXSourcesBuildPhase;
			buildActionMask = 2147483647;
			files = (
				251ECE0C0ED4AE4700F7374D /* TestDevicesPA19.c in Sources */,
			);
			runOnlyForDeploymentPostprocessing = 0;
		};
/* End PBXSourcesBuildPhase section */

/* Begin XCBuildConfiguration section */
		1DEB928608733DD80010E9CD /* Debug */ = {
			isa = XCBuildConfiguration;
			buildSettings = {
				COPY_PHASE_STRIP = NO;
				GCC_DYNAMIC_NO_PIC = NO;
				GCC_ENABLE_FIX_AND_CONTINUE = YES;
				GCC_MODEL_TUNING = G5;
				GCC_OPTIMIZATION_LEVEL = 0;
				INSTALL_PATH = "$(HOME)/bin";
				LIBRARY_SEARCH_PATHS = (
					"$(inherited)",
					"$(LIBRARY_SEARCH_PATHS_QUOTED_1)",
				);
				LIBRARY_SEARCH_PATHS_QUOTED_1 = "\"$(SRCROOT)\"";
				PRODUCT_NAME = TestDevicesPA19;
				ZERO_LINK = YES;
			};
			name = Debug;
		};
		1DEB928708733DD80010E9CD /* Release */ = {
			isa = XCBuildConfiguration;
			buildSettings = {
				ARCHS = (
					ppc,
					i386,
				);
				GCC_GENERATE_DEBUGGING_SYMBOLS = NO;
				GCC_MODEL_TUNING = G5;
				INSTALL_PATH = "$(HOME)/bin";
				LIBRARY_SEARCH_PATHS = (
					"$(inherited)",
					"$(LIBRARY_SEARCH_PATHS_QUOTED_1)",
				);
				LIBRARY_SEARCH_PATHS_QUOTED_1 = "\"$(SRCROOT)\"";
				PRODUCT_NAME = TestDevicesPA19;
			};
			name = Release;
		};
		1DEB928A08733DD80010E9CD /* Debug */ = {
			isa = XCBuildConfiguration;
			buildSettings = {
				ARCHS = (
					ppc,
					i386,
				);
				GCC_WARN_ABOUT_RETURN_TYPE = YES;
				GCC_WARN_UNUSED_VARIABLE = YES;
				PREBINDING = NO;
				SDKROOT = /Developer/SDKs/MacOSX10.4u.sdk;
			};
			name = Debug;
		};
		1DEB928B08733DD80010E9CD /* Release */ = {
			isa = XCBuildConfiguration;
			buildSettings = {
				ARCHS = (
					ppc,
					i386,
				);
				GCC_WARN_ABOUT_RETURN_TYPE = YES;
				GCC_WARN_UNUSED_VARIABLE = YES;
				PREBINDING = NO;
				SDKROOT = /Developer/SDKs/MacOSX10.4u.sdk;
			};
			name = Release;
		};
/* End XCBuildConfiguration section */

/* Begin XCConfigurationList section */
		1DEB928508733DD80010E9CD /* Build configuration list for PBXNativeTarget "TestDevicesPA19" */ = {
			isa = XCConfigurationList;
			buildConfigurations = (
				1DEB928608733DD80010E9CD /* Debug */,
				1DEB928708733DD80010E9CD /* Release */,
			);
			defaultConfigurationIsVisible = 0;
			defaultConfigurationName = Release;
		};
		1DEB928908733DD80010E9CD /* Build configuration list for PBXProject "TestDevicesPA19" */ = {
			isa = XCConfigurationList;
			buildConfigurations = (
				1DEB928A08733DD80010E9CD /* Debug */,
				1DEB928B08733DD80010E9CD /* Release */,
			);
			defaultConfigurationIsVisible = 0;
			defaultConfigurationName = Release;
		};
/* End XCConfigurationList section */
	};
	rootObject = 08FB7793FE84155DC02AAC07 /* Project object */;
}
